
Microsoft Visual Studio Solution File, Format Version 12.00
# Visual Studio Version 17
VisualStudioVersion = 17.7.34202.233
MinimumVisualStudioVersion = 10.0.40219.1
Project("{FAE04EC0-301F-11D3-BF4B-00C04F79EFBC}") = "CabinetVeterinar", "CabinetVeterinar.csproj", "{3871895B-1C61-4E74-8624-4899143788E5}"
EndProject
Global
	GlobalSection(SolutionConfigurationPlatforms) = preSolution
		Debug|Any CPU = Debug|Any CPU
		Release|Any CPU = Release|Any CPU
	EndGlobalSection
	GlobalSection(ProjectConfigurationPlatforms) = postSolution
		{3871895B-1C61-4E74-8624-4899143788E5}.Debug|Any CPU.ActiveCfg = Debug|Any CPU
		{3871895B-1C61-4E74-8624-4899143788E5}.Debug|Any CPU.Build.0 = Debug|Any CPU
		{3871895B-1C61-4E74-8624-4899143788E5}.Release|Any CPU.ActiveCfg = Release|Any CPU
		{3871895B-1C61-4E74-8624-4899143788E5}.Release|Any CPU.Build.0 = Release|Any CPU
	EndGlobalSection
	GlobalSection(SolutionProperties) = preSolution
		HideSolutionNode = FALSE
	EndGlobalSection
	GlobalSection(ExtensibilityGlobals) = postSolution
		SolutionGuid = {87AF980C-7304-444C-9BD1-F470866D925A}
	EndGlobalSection
EndGlobal
